// !$*UTF8*$!
{
	archiveVersion = 1;
	classes = {
	};
	objectVersion = 55;
	objects = {

/* Begin PBXBuildFile section */
		591252DC2914BEC50080489E /* DrawingView.swift in Sources */ = {isa = PBXBuildFile; fileRef = 591252DB2914BEC50080489E /* DrawingView.swift */; };
		591252DE2914BEDE0080489E /* DifficultySelectionView.swift in Sources */ = {isa = PBXBuildFile; fileRef = 591252DD2914BEDE0080489E /* DifficultySelectionView.swift */; };
		591252E02914BEF40080489E /* SettingsView.swift in Sources */ = {isa = PBXBuildFile; fileRef = 591252DF2914BEF40080489E /* SettingsView.swift */; };
		591252E52914BF680080489E /* StatisticsView.swift in Sources */ = {isa = PBXBuildFile; fileRef = 591252E42914BF680080489E /* StatisticsView.swift */; };
		592F39992928886E00CFD0AC /* EndGameView.swift in Sources */ = {isa = PBXBuildFile; fileRef = 592F39982928886E00CFD0AC /* EndGameView.swift */; };
		595B314928D76D5F00B3B631 /* SketchPerfectApp.swift in Sources */ = {isa = PBXBuildFile; fileRef = 595B314828D76D5F00B3B631 /* SketchPerfectApp.swift */; };
		595B314B28D76D5F00B3B631 /* ContentView.swift in Sources */ = {isa = PBXBuildFile; fileRef = 595B314A28D76D5F00B3B631 /* ContentView.swift */; };
		595B314D28D76D6100B3B631 /* Assets.xcassets in Resources */ = {isa = PBXBuildFile; fileRef = 595B314C28D76D6100B3B631 /* Assets.xcassets */; };
		595B315028D76D6100B3B631 /* Preview Assets.xcassets in Resources */ = {isa = PBXBuildFile; fileRef = 595B314F28D76D6100B3B631 /* Preview Assets.xcassets */; };
		5982966A291B60BB00C33552 /* DrawingCanvas.swift in Sources */ = {isa = PBXBuildFile; fileRef = 59829669291B60BB00C33552 /* DrawingCanvas.swift */; };
		59856CE22914179C00FD7EBC /* InfBackground.swift in Sources */ = {isa = PBXBuildFile; fileRef = 59856CE12914179C00FD7EBC /* InfBackground.swift */; };
		598A22DD29156F340036060A /* StorageManager.swift in Sources */ = {isa = PBXBuildFile; fileRef = 598A22DC29156F340036060A /* StorageManager.swift */; };
		598A22E029156FDB0036060A /* FirebaseStorage in Frameworks */ = {isa = PBXBuildFile; productRef = 598A22DF29156FDB0036060A /* FirebaseStorage */; };
		598A22E229156FDB0036060A /* FirebaseStorageCombine-Community in Frameworks */ = {isa = PBXBuildFile; productRef = 598A22E129156FDB0036060A /* FirebaseStorageCombine-Community */; };
		598A22E42915703F0036060A /* ImageData.swift in Sources */ = {isa = PBXBuildFile; fileRef = 598A22E32915703F0036060A /* ImageData.swift */; };
		598AF885291A0D1100197410 /* CircularProgress.swift in Sources */ = {isa = PBXBuildFile; fileRef = 598AF884291A0D1100197410 /* CircularProgress.swift */; };
		59A9941A2915184E003D617D /* AppData.swift in Sources */ = {isa = PBXBuildFile; fileRef = 59A994192915184E003D617D /* AppData.swift */; };
		59A9941D291518AE003D617D /* SelectedGame.swift in Sources */ = {isa = PBXBuildFile; fileRef = 59A9941C291518AE003D617D /* SelectedGame.swift */; };
		59E4D17D292BD1FE002F3A3C /* UserData.swift in Sources */ = {isa = PBXBuildFile; fileRef = 59E4D17C292BD1FE002F3A3C /* UserData.swift */; };
		59E4D17F292BD6DE002F3A3C /* Settings.swift in Sources */ = {isa = PBXBuildFile; fileRef = 59E4D17E292BD6DE002F3A3C /* Settings.swift */; };
		59F8E30C292D2B7500B7BD2A /* CompareImages.swift in Sources */ = {isa = PBXBuildFile; fileRef = 59F8E30B292D2B7500B7BD2A /* CompareImages.swift */; };
		59FA1D1D29161C9F00873D74 /* GoogleService-Info.plist in Resources */ = {isa = PBXBuildFile; fileRef = 59FA1D1C29161C9F00873D74 /* GoogleService-Info.plist */; };
/* End PBXBuildFile section */

/* Begin PBXFileReference section */
		591252DB2914BEC50080489E /* DrawingView.swift */ = {isa = PBXFileReference; lastKnownFileType = sourcecode.swift; path = DrawingView.swift; sourceTree = "<group>"; };
		591252DD2914BEDE0080489E /* DifficultySelectionView.swift */ = {isa = PBXFileReference; lastKnownFileType = sourcecode.swift; path = DifficultySelectionView.swift; sourceTree = "<group>"; };
		591252DF2914BEF40080489E /* SettingsView.swift */ = {isa = PBXFileReference; lastKnownFileType = sourcecode.swift; path = SettingsView.swift; sourceTree = "<group>"; };
		591252E42914BF680080489E /* StatisticsView.swift */ = {isa = PBXFileReference; lastKnownFileType = sourcecode.swift; path = StatisticsView.swift; sourceTree = "<group>"; };
		592F39982928886E00CFD0AC /* EndGameView.swift */ = {isa = PBXFileReference; lastKnownFileType = sourcecode.swift; path = EndGameView.swift; sourceTree = "<group>"; };
		595B314528D76D5F00B3B631 /* SketchPerfect.app */ = {isa = PBXFileReference; explicitFileType = wrapper.application; includeInIndex = 0; path = SketchPerfect.app; sourceTree = BUILT_PRODUCTS_DIR; };
		595B314828D76D5F00B3B631 /* SketchPerfectApp.swift */ = {isa = PBXFileReference; lastKnownFileType = sourcecode.swift; path = SketchPerfectApp.swift; sourceTree = "<group>"; };
		595B314A28D76D5F00B3B631 /* ContentView.swift */ = {isa = PBXFileReference; lastKnownFileType = sourcecode.swift; path = ContentView.swift; sourceTree = "<group>"; };
		595B314C28D76D6100B3B631 /* Assets.xcassets */ = {isa = PBXFileReference; lastKnownFileType = folder.assetcatalog; path = Assets.xcassets; sourceTree = "<group>"; };
		595B314F28D76D6100B3B631 /* Preview Assets.xcassets */ = {isa = PBXFileReference; lastKnownFileType = folder.assetcatalog; path = "Preview Assets.xcassets"; sourceTree = "<group>"; };
		595B315128D76D6100B3B631 /* SketchPerfect.entitlements */ = {isa = PBXFileReference; lastKnownFileType = text.plist.entitlements; path = SketchPerfect.entitlements; sourceTree = "<group>"; };
		59829669291B60BB00C33552 /* DrawingCanvas.swift */ = {isa = PBXFileReference; lastKnownFileType = sourcecode.swift; path = DrawingCanvas.swift; sourceTree = "<group>"; };
		59856CE12914179C00FD7EBC /* InfBackground.swift */ = {isa = PBXFileReference; lastKnownFileType = sourcecode.swift; path = InfBackground.swift; sourceTree = "<group>"; };
		598A22DC29156F340036060A /* StorageManager.swift */ = {isa = PBXFileReference; lastKnownFileType = sourcecode.swift; path = StorageManager.swift; sourceTree = "<group>"; };
		598A22E32915703F0036060A /* ImageData.swift */ = {isa = PBXFileReference; lastKnownFileType = sourcecode.swift; path = ImageData.swift; sourceTree = "<group>"; };
		598AF884291A0D1100197410 /* CircularProgress.swift */ = {isa = PBXFileReference; lastKnownFileType = sourcecode.swift; path = CircularProgress.swift; sourceTree = "<group>"; };
		59A994192915184E003D617D /* AppData.swift */ = {isa = PBXFileReference; lastKnownFileType = sourcecode.swift; path = AppData.swift; sourceTree = "<group>"; };
		59A9941C291518AE003D617D /* SelectedGame.swift */ = {isa = PBXFileReference; lastKnownFileType = sourcecode.swift; path = SelectedGame.swift; sourceTree = "<group>"; };
		59E4D17C292BD1FE002F3A3C /* UserData.swift */ = {isa = PBXFileReference; lastKnownFileType = sourcecode.swift; path = UserData.swift; sourceTree = "<group>"; };
		59E4D17E292BD6DE002F3A3C /* Settings.swift */ = {isa = PBXFileReference; lastKnownFileType = sourcecode.swift; path = Settings.swift; sourceTree = "<group>"; };
		59F8E30B292D2B7500B7BD2A /* CompareImages.swift */ = {isa = PBXFileReference; lastKnownFileType = sourcecode.swift; path = CompareImages.swift; sourceTree = "<group>"; };
		59FA1D1C29161C9F00873D74 /* GoogleService-Info.plist */ = {isa = PBXFileReference; fileEncoding = 4; lastKnownFileType = text.plist.xml; path = "GoogleService-Info.plist"; sourceTree = "<group>"; };
/* End PBXFileReference section */

/* Begin PBXFrameworksBuildPhase section */
		595B314228D76D5F00B3B631 /* Frameworks */ = {
			isa = PBXFrameworksBuildPhase;
			buildActionMask = 2147483647;
			files = (
				598A22E229156FDB0036060A /* FirebaseStorageCombine-Community in Frameworks */,
				598A22E029156FDB0036060A /* FirebaseStorage in Frameworks */,
			);
			runOnlyForDeploymentPostprocessing = 0;
		};
/* End PBXFrameworksBuildPhase section */

/* Begin PBXGroup section */
		591252E12914BF3B0080489E /* Models */ = {
			isa = PBXGroup;
			children = (
				59FA1D1C29161C9F00873D74 /* GoogleService-Info.plist */,
				59A994192915184E003D617D /* AppData.swift */,
				598A22DC29156F340036060A /* StorageManager.swift */,
				59F8E30B292D2B7500B7BD2A /* CompareImages.swift */,
			);
			path = Models;
			sourceTree = "<group>";
		};
		595B313C28D76D5F00B3B631 = {
			isa = PBXGroup;
			children = (
				595B314728D76D5F00B3B631 /* SketchPerfect */,
				595B314628D76D5F00B3B631 /* Products */,
			);
			sourceTree = "<group>";
		};
		595B314628D76D5F00B3B631 /* Products */ = {
			isa = PBXGroup;
			children = (
				595B314528D76D5F00B3B631 /* SketchPerfect.app */,
			);
			name = Products;
			sourceTree = "<group>";
		};
		595B314728D76D5F00B3B631 /* SketchPerfect */ = {
			isa = PBXGroup;
			children = (
				595B314828D76D5F00B3B631 /* SketchPerfectApp.swift */,
				59856CE02914178700FD7EBC /* Views */,
				59829668291B608000C33552 /* DrawingCanvas */,
				591252E12914BF3B0080489E /* Models */,
				59A9941B2915187C003D617D /* Structs */,
				595B314C28D76D6100B3B631 /* Assets.xcassets */,
				595B315128D76D6100B3B631 /* SketchPerfect.entitlements */,
				595B314E28D76D6100B3B631 /* Preview Content */,
			);
			path = SketchPerfect;
			sourceTree = "<group>";
		};
		595B314E28D76D6100B3B631 /* Preview Content */ = {
			isa = PBXGroup;
			children = (
				595B314F28D76D6100B3B631 /* Preview Assets.xcassets */,
			);
			path = "Preview Content";
			sourceTree = "<group>";
		};
		59829668291B608000C33552 /* DrawingCanvas */ = {
			isa = PBXGroup;
			children = (
				59829669291B60BB00C33552 /* DrawingCanvas.swift */,
			);
			path = DrawingCanvas;
			sourceTree = "<group>";
		};
		59856CE02914178700FD7EBC /* Views */ = {
			isa = PBXGroup;
			children = (
				595B314A28D76D5F00B3B631 /* ContentView.swift */,
				591252E42914BF680080489E /* StatisticsView.swift */,
				591252DF2914BEF40080489E /* SettingsView.swift */,
				591252DD2914BEDE0080489E /* DifficultySelectionView.swift */,
				591252DB2914BEC50080489E /* DrawingView.swift */,
				592F39982928886E00CFD0AC /* EndGameView.swift */,
				59856CE12914179C00FD7EBC /* InfBackground.swift */,
				598AF884291A0D1100197410 /* CircularProgress.swift */,
			);
			name = Views;
			sourceTree = "<group>";
		};
		59A9941B2915187C003D617D /* Structs */ = {
			isa = PBXGroup;
			children = (
				59A9941C291518AE003D617D /* SelectedGame.swift */,
				598A22E32915703F0036060A /* ImageData.swift */,
				59E4D17C292BD1FE002F3A3C /* UserData.swift */,
				59E4D17E292BD6DE002F3A3C /* Settings.swift */,
			);
			path = Structs;
			sourceTree = "<group>";
		};
/* End PBXGroup section */

/* Begin PBXNativeTarget section */
		595B314428D76D5F00B3B631 /* SketchPerfect */ = {
			isa = PBXNativeTarget;
			buildConfigurationList = 595B315428D76D6100B3B631 /* Build configuration list for PBXNativeTarget "SketchPerfect" */;
			buildPhases = (
				595B314128D76D5F00B3B631 /* Sources */,
				595B314228D76D5F00B3B631 /* Frameworks */,
				595B314328D76D5F00B3B631 /* Resources */,
			);
			buildRules = (
			);
			dependencies = (
			);
			name = SketchPerfect;
			packageProductDependencies = (
				598A22DF29156FDB0036060A /* FirebaseStorage */,
				598A22E129156FDB0036060A /* FirebaseStorageCombine-Community */,
			);
			productName = SketchPerfect;
			productReference = 595B314528D76D5F00B3B631 /* SketchPerfect.app */;
			productType = "com.apple.product-type.application";
		};
/* End PBXNativeTarget section */

/* Begin PBXProject section */
		595B313D28D76D5F00B3B631 /* Project object */ = {
			isa = PBXProject;
			attributes = {
				BuildIndependentTargetsInParallel = 1;
				LastSwiftUpdateCheck = 1340;
				LastUpgradeCheck = 1400;
				TargetAttributes = {
					595B314428D76D5F00B3B631 = {
						CreatedOnToolsVersion = 13.4.1;
					};
				};
			};
			buildConfigurationList = 595B314028D76D5F00B3B631 /* Build configuration list for PBXProject "SketchPerfect" */;
			compatibilityVersion = "Xcode 13.0";
			developmentRegion = en;
			hasScannedForEncodings = 0;
			knownRegions = (
				en,
				Base,
			);
			mainGroup = 595B313C28D76D5F00B3B631;
			packageReferences = (
				598A22DE29156FDB0036060A /* XCRemoteSwiftPackageReference "firebase-ios-sdk" */,
			);
			productRefGroup = 595B314628D76D5F00B3B631 /* Products */;
			projectDirPath = "";
			projectRoot = "";
			targets = (
				595B314428D76D5F00B3B631 /* SketchPerfect */,
			);
		};
/* End PBXProject section */

/* Begin PBXResourcesBuildPhase section */
		595B314328D76D5F00B3B631 /* Resources */ = {
			isa = PBXResourcesBuildPhase;
			buildActionMask = 2147483647;
			files = (
				595B315028D76D6100B3B631 /* Preview Assets.xcassets in Resources */,
				595B314D28D76D6100B3B631 /* Assets.xcassets in Resources */,
				59FA1D1D29161C9F00873D74 /* GoogleService-Info.plist in Resources */,
			);
			runOnlyForDeploymentPostprocessing = 0;
		};
/* End PBXResourcesBuildPhase section */

/* Begin PBXSourcesBuildPhase section */
		595B314128D76D5F00B3B631 /* Sources */ = {
			isa = PBXSourcesBuildPhase;
			buildActionMask = 2147483647;
			files = (
				598AF885291A0D1100197410 /* CircularProgress.swift in Sources */,
				59856CE22914179C00FD7EBC /* InfBackground.swift in Sources */,
				59E4D17D292BD1FE002F3A3C /* UserData.swift in Sources */,
				595B314B28D76D5F00B3B631 /* ContentView.swift in Sources */,
				598A22DD29156F340036060A /* StorageManager.swift in Sources */,
				592F39992928886E00CFD0AC /* EndGameView.swift in Sources */,
				595B314928D76D5F00B3B631 /* SketchPerfectApp.swift in Sources */,
				59F8E30C292D2B7500B7BD2A /* CompareImages.swift in Sources */,
				59A9941A2915184E003D617D /* AppData.swift in Sources */,
				591252E02914BEF40080489E /* SettingsView.swift in Sources */,
				5982966A291B60BB00C33552 /* DrawingCanvas.swift in Sources */,
				59E4D17F292BD6DE002F3A3C /* Settings.swift in Sources */,
				591252DE2914BEDE0080489E /* DifficultySelectionView.swift in Sources */,
				59A9941D291518AE003D617D /* SelectedGame.swift in Sources */,
				591252E52914BF680080489E /* StatisticsView.swift in Sources */,
				591252DC2914BEC50080489E /* DrawingView.swift in Sources */,
				598A22E42915703F0036060A /* ImageData.swift in Sources */,
			);
			runOnlyForDeploymentPostprocessing = 0;
		};
/* End PBXSourcesBuildPhase section */

/* Begin XCBuildConfiguration section */
		595B315228D76D6100B3B631 /* Debug */ = {
			isa = XCBuildConfiguration;
			buildSettings = {
				ALWAYS_SEARCH_USER_PATHS = NO;
				CLANG_ANALYZER_NONNULL = YES;
				CLANG_ANALYZER_NUMBER_OBJECT_CONVERSION = YES_AGGRESSIVE;
				CLANG_CXX_LANGUAGE_STANDARD = "gnu++17";
				CLANG_ENABLE_MODULES = YES;
				CLANG_ENABLE_OBJC_ARC = YES;
				CLANG_ENABLE_OBJC_WEAK = YES;
				CLANG_WARN_BLOCK_CAPTURE_AUTORELEASING = YES;
				CLANG_WARN_BOOL_CONVERSION = YES;
				CLANG_WARN_COMMA = YES;
				CLANG_WARN_CONSTANT_CONVERSION = YES;
				CLANG_WARN_DEPRECATED_OBJC_IMPLEMENTATIONS = YES;
				CLANG_WARN_DIRECT_OBJC_ISA_USAGE = YES_ERROR;
				CLANG_WARN_DOCUMENTATION_COMMENTS = YES;
				CLANG_WARN_EMPTY_BODY = YES;
				CLANG_WARN_ENUM_CONVERSION = YES;
				CLANG_WARN_INFINITE_RECURSION = YES;
				CLANG_WARN_INT_CONVERSION = YES;
				CLANG_WARN_NON_LITERAL_NULL_CONVERSION = YES;
				CLANG_WARN_OBJC_IMPLICIT_RETAIN_SELF = YES;
				CLANG_WARN_OBJC_LITERAL_CONVERSION = YES;
				CLANG_WARN_OBJC_ROOT_CLASS = YES_ERROR;
				CLANG_WARN_QUOTED_INCLUDE_IN_FRAMEWORK_HEADER = YES;
				CLANG_WARN_RANGE_LOOP_ANALYSIS = YES;
				CLANG_WARN_STRICT_PROTOTYPES = YES;
				CLANG_WARN_SUSPICIOUS_MOVE = YES;
				CLANG_WARN_UNGUARDED_AVAILABILITY = YES_AGGRESSIVE;
				CLANG_WARN_UNREACHABLE_CODE = YES;
				CLANG_WARN__DUPLICATE_METHOD_MATCH = YES;
				COPY_PHASE_STRIP = NO;
				DEAD_CODE_STRIPPING = YES;
				DEBUG_INFORMATION_FORMAT = dwarf;
				ENABLE_STRICT_OBJC_MSGSEND = YES;
				ENABLE_TESTABILITY = YES;
				GCC_C_LANGUAGE_STANDARD = gnu11;
				GCC_DYNAMIC_NO_PIC = NO;
				GCC_NO_COMMON_BLOCKS = YES;
				GCC_OPTIMIZATION_LEVEL = 0;
				GCC_PREPROCESSOR_DEFINITIONS = (
					"DEBUG=1",
					"$(inherited)",
				);
				GCC_WARN_64_TO_32_BIT_CONVERSION = YES;
				GCC_WARN_ABOUT_RETURN_TYPE = YES_ERROR;
				GCC_WARN_UNDECLARED_SELECTOR = YES;
				GCC_WARN_UNINITIALIZED_AUTOS = YES_AGGRESSIVE;
				GCC_WARN_UNUSED_FUNCTION = YES;
				GCC_WARN_UNUSED_VARIABLE = YES;
				IPHONEOS_DEPLOYMENT_TARGET = 16.0;
				MACOSX_DEPLOYMENT_TARGET = 12.3;
				MTL_ENABLE_DEBUG_INFO = INCLUDE_SOURCE;
				MTL_FAST_MATH = YES;
				ONLY_ACTIVE_ARCH = YES;
				SDKROOT = macosx;
				SWIFT_ACTIVE_COMPILATION_CONDITIONS = DEBUG;
				SWIFT_OPTIMIZATION_LEVEL = "-Onone";
			};
			name = Debug;
		};
		595B315328D76D6100B3B631 /* Release */ = {
			isa = XCBuildConfiguration;
			buildSettings = {
				ALWAYS_SEARCH_USER_PATHS = NO;
				CLANG_ANALYZER_NONNULL = YES;
				CLANG_ANALYZER_NUMBER_OBJECT_CONVERSION = YES_AGGRESSIVE;
				CLANG_CXX_LANGUAGE_STANDARD = "gnu++17";
				CLANG_ENABLE_MODULES = YES;
				CLANG_ENABLE_OBJC_ARC = YES;
				CLANG_ENABLE_OBJC_WEAK = YES;
				CLANG_WARN_BLOCK_CAPTURE_AUTORELEASING = YES;
				CLANG_WARN_BOOL_CONVERSION = YES;
				CLANG_WARN_COMMA = YES;
				CLANG_WARN_CONSTANT_CONVERSION = YES;
				CLANG_WARN_DEPRECATED_OBJC_IMPLEMENTATIONS = YES;
				CLANG_WARN_DIRECT_OBJC_ISA_USAGE = YES_ERROR;
				CLANG_WARN_DOCUMENTATION_COMMENTS = YES;
				CLANG_WARN_EMPTY_BODY = YES;
				CLANG_WARN_ENUM_CONVERSION = YES;
				CLANG_WARN_INFINITE_RECURSION = YES;
				CLANG_WARN_INT_CONVERSION = YES;
				CLANG_WARN_NON_LITERAL_NULL_CONVERSION = YES;
				CLANG_WARN_OBJC_IMPLICIT_RETAIN_SELF = YES;
				CLANG_WARN_OBJC_LITERAL_CONVERSION = YES;
				CLANG_WARN_OBJC_ROOT_CLASS = YES_ERROR;
				CLANG_WARN_QUOTED_INCLUDE_IN_FRAMEWORK_HEADER = YES;
				CLANG_WARN_RANGE_LOOP_ANALYSIS = YES;
				CLANG_WARN_STRICT_PROTOTYPES = YES;
				CLANG_WARN_SUSPICIOUS_MOVE = YES;
				CLANG_WARN_UNGUARDED_AVAILABILITY = YES_AGGRESSIVE;
				CLANG_WARN_UNREACHABLE_CODE = YES;
				CLANG_WARN__DUPLICATE_METHOD_MATCH = YES;
				COPY_PHASE_STRIP = NO;
				DEAD_CODE_STRIPPING = YES;
				DEBUG_INFORMATION_FORMAT = "dwarf-with-dsym";
				ENABLE_NS_ASSERTIONS = NO;
				ENABLE_STRICT_OBJC_MSGSEND = YES;
				GCC_C_LANGUAGE_STANDARD = gnu11;
				GCC_NO_COMMON_BLOCKS = YES;
				GCC_WARN_64_TO_32_BIT_CONVERSION = YES;
				GCC_WARN_ABOUT_RETURN_TYPE = YES_ERROR;
				GCC_WARN_UNDECLARED_SELECTOR = YES;
				GCC_WARN_UNINITIALIZED_AUTOS = YES_AGGRESSIVE;
				GCC_WARN_UNUSED_FUNCTION = YES;
				GCC_WARN_UNUSED_VARIABLE = YES;
				IPHONEOS_DEPLOYMENT_TARGET = 16.0;
				MACOSX_DEPLOYMENT_TARGET = 12.3;
				MTL_ENABLE_DEBUG_INFO = NO;
				MTL_FAST_MATH = YES;
				SDKROOT = macosx;
				SWIFT_COMPILATION_MODE = wholemodule;
				SWIFT_OPTIMIZATION_LEVEL = "-O";
			};
			name = Release;
		};
		595B315528D76D6100B3B631 /* Debug */ = {
			isa = XCBuildConfiguration;
			buildSettings = {
				ASSETCATALOG_COMPILER_APPICON_NAME = AppIcon;
				ASSETCATALOG_COMPILER_GLOBAL_ACCENT_COLOR_NAME = AccentColor;
				CODE_SIGN_ENTITLEMENTS = SketchPerfect/SketchPerfect.entitlements;
				CODE_SIGN_IDENTITY = "-";
				"CODE_SIGN_IDENTITY[sdk=iphoneos*]" = "Apple Development";
				CODE_SIGN_STYLE = Automatic;
				COMBINE_HIDPI_IMAGES = YES;
				CURRENT_PROJECT_VERSION = 1;
				DEAD_CODE_STRIPPING = YES;
				DEVELOPMENT_ASSET_PATHS = "\"SketchPerfect/Preview Content\"";
				DEVELOPMENT_TEAM = 46YLK6L3QN;
				ENABLE_HARDENED_RUNTIME = YES;
				ENABLE_PREVIEWS = YES;
				GENERATE_INFOPLIST_FILE = YES;
				INFOPLIST_KEY_NSHumanReadableCopyright = "";
				INFOPLIST_KEY_UISupportedInterfaceOrientations_iPad = "UIInterfaceOrientationPortrait UIInterfaceOrientationPortraitUpsideDown";
				IPHONEOS_DEPLOYMENT_TARGET = 16.0;
				LD_RUNPATH_SEARCH_PATHS = (
					"$(inherited)",
					"@executable_path/../Frameworks",
				);
				MARKETING_VERSION = 1.0;
				PRODUCT_BUNDLE_IDENTIFIER = ethanchew.SketchPerfect;
				PRODUCT_NAME = "$(TARGET_NAME)";
				SUPPORTED_PLATFORMS = "iphoneos iphonesimulator";
				SUPPORTS_MACCATALYST = NO;
				SUPPORTS_MAC_DESIGNED_FOR_IPHONE_IPAD = NO;
				SWIFT_EMIT_LOC_STRINGS = YES;
				SWIFT_VERSION = 5.0;
				TARGETED_DEVICE_FAMILY = 2;
			};
			name = Debug;
		};
		595B315628D76D6100B3B631 /* Release */ = {
			isa = XCBuildConfiguration;
			buildSettings = {
				ASSETCATALOG_COMPILER_APPICON_NAME = AppIcon;
				ASSETCATALOG_COMPILER_GLOBAL_ACCENT_COLOR_NAME = AccentColor;
				CODE_SIGN_ENTITLEMENTS = SketchPerfect/SketchPerfect.entitlements;
				CODE_SIGN_IDENTITY = "-";
				"CODE_SIGN_IDENTITY[sdk=iphoneos*]" = "Apple Development";
				CODE_SIGN_STYLE = Automatic;
				COMBINE_HIDPI_IMAGES = YES;
				CURRENT_PROJECT_VERSION = 1;
				DEAD_CODE_STRIPPING = YES;
				DEVELOPMENT_ASSET_PATHS = "\"SketchPerfect/Preview Content\"";
				DEVELOPMENT_TEAM = 46YLK6L3QN;
				ENABLE_HARDENED_RUNTIME = YES;
				ENABLE_PREVIEWS = YES;
				GENERATE_INFOPLIST_FILE = YES;
				INFOPLIST_KEY_NSHumanReadableCopyright = "";
				INFOPLIST_KEY_UISupportedInterfaceOrientations_iPad = "UIInterfaceOrientationPortrait UIInterfaceOrientationPortraitUpsideDown";
				IPHONEOS_DEPLOYMENT_TARGET = 16.0;
				LD_RUNPATH_SEARCH_PATHS = (
					"$(inherited)",
					"@executable_path/../Frameworks",
				);
				MARKETING_VERSION = 1.0;
				PRODUCT_BUNDLE_IDENTIFIER = ethanchew.SketchPerfect;
				PRODUCT_NAME = "$(TARGET_NAME)";
				SUPPORTED_PLATFORMS = "iphoneos iphonesimulator";
				SUPPORTS_MACCATALYST = NO;
				SUPPORTS_MAC_DESIGNED_FOR_IPHONE_IPAD = NO;
				SWIFT_EMIT_LOC_STRINGS = YES;
				SWIFT_VERSION = 5.0;
				TARGETED_DEVICE_FAMILY = 2;
			};
			name = Release;
		};
/* End XCBuildConfiguration section */

/* Begin XCConfigurationList section */
		595B314028D76D5F00B3B631 /* Build configuration list for PBXProject "SketchPerfect" */ = {
			isa = XCConfigurationList;
			buildConfigurations = (
				595B315228D76D6100B3B631 /* Debug */,
				595B315328D76D6100B3B631 /* Release */,
			);
			defaultConfigurationIsVisible = 0;
			defaultConfigurationName = Release;
		};
		595B315428D76D6100B3B631 /* Build configuration list for PBXNativeTarget "SketchPerfect" */ = {
			isa = XCConfigurationList;
			buildConfigurations = (
				595B315528D76D6100B3B631 /* Debug */,
				595B315628D76D6100B3B631 /* Release */,
			);
			defaultConfigurationIsVisible = 0;
			defaultConfigurationName = Release;
		};
/* End XCConfigurationList section */

/* Begin XCRemoteSwiftPackageReference section */
		598A22DE29156FDB0036060A /* XCRemoteSwiftPackageReference "firebase-ios-sdk" */ = {
			isa = XCRemoteSwiftPackageReference;
			repositoryURL = "https://github.com/firebase/firebase-ios-sdk.git";
			requirement = {
				branch = master;
				kind = branch;
			};
		};
/* End XCRemoteSwiftPackageReference section */

/* Begin XCSwiftPackageProductDependency section */
		598A22DF29156FDB0036060A /* FirebaseStorage */ = {
			isa = XCSwiftPackageProductDependency;
			package = 598A22DE29156FDB0036060A /* XCRemoteSwiftPackageReference "firebase-ios-sdk" */;
			productName = FirebaseStorage;
		};
		598A22E129156FDB0036060A /* FirebaseStorageCombine-Community */ = {
			isa = XCSwiftPackageProductDependency;
			package = 598A22DE29156FDB0036060A /* XCRemoteSwiftPackageReference "firebase-ios-sdk" */;
			productName = "FirebaseStorageCombine-Community";
		};
/* End XCSwiftPackageProductDependency section */
	};
	rootObject = 595B313D28D76D5F00B3B631 /* Project object */;
}
